
Microsoft Visual Studio Solution File, Format Version 9.00
# Visual Studio 2005
Project("{FAE04EC0-301F-11D3-BF4B-00C04F79EFBC}") = "HttpSimulator", "HttpSimulator\HttpSimulator.csproj", "{CE9FFE92-9A64-483C-9F11-A27F83C0E14C}"
	ProjectSection(WebsiteProperties) = preProject
		Debug.AspNetCompiler.Debug = "True"
		Release.AspNetCompiler.Debug = "False"
	EndProjectSection
EndProject
Global
	GlobalSection(SolutionConfigurationPlatforms) = preSolution
		Debug|Any CPU = Debug|Any CPU
		Release|Any CPU = Release|Any CPU
	EndGlobalSection
	GlobalSection(ProjectConfigurationPlatforms) = postSolution
		{CE9FFE92-9A64-483C-9F11-A27F83C0E14C}.Debug|Any CPU.ActiveCfg = Debug|Any CPU
		{CE9FFE92-9A64-483C-9F11-A27F83C0E14C}.Debug|Any CPU.Build.0 = Debug|Any CPU
		{CE9FFE92-9A64-483C-9F11-A27F83C0E14C}.Release|Any CPU.ActiveCfg = Release|Any CPU
		{CE9FFE92-9A64-483C-9F11-A27F83C0E14C}.Release|Any CPU.Build.0 = Release|Any CPU
	EndGlobalSection
	GlobalSection(SolutionProperties) = preSolution
		HideSolutionNode = FALSE
	EndGlobalSection
EndGlobal
